{
  "object": {
    "pins": [
      {
        "package": "JOSESwift",
        "repositoryURL": "https://github.com/lukereichold/JOSESwift.git",
        "state": {
          "branch": null,
          "revision": "864d6a014a4aa343dd47f3804f12b8a42a7b21eb",
          "version": "2.2.4"
        }
      },
      {
        "package": "swift-algorithms",
        "repositoryURL": "https://github.com/apple/swift-algorithms",
        "state": {
          "branch": null,
          "revision": "b14b7f4c528c942f121c8b860b9410b2bf57825e",
          "version": "1.0.0"
        }
      },
      {
        "package": "swift-numerics",
        "repositoryURL": "https://github.com/apple/swift-numerics",
        "state": {
          "branch": null,
          "revision": "0a23770641f65a4de61daf5425a37ae32a3fd00d",
          "version": "1.0.1"
        }
      }
    ]
  },
  "version": 1
}
