// !$*UTF8*$!
{
	archiveVersion = 1;
	classes = {
	};
	objectVersion = 55;
	objects = {

/* Begin PBXBuildFile section */
		C308535E269426CE00DF4963 /* DocumentPicker.swift in Sources */ = {isa = PBXBuildFile; fileRef = C308535D269426CE00DF4963 /* DocumentPicker.swift */; };
		C31AC3F4269701CB00939447 /* WalletPersistence.swift in Sources */ = {isa = PBXBuildFile; fileRef = C31AC3F3269701CB00939447 /* WalletPersistence.swift */; };
		C31AC3F82697909F00939447 /* TransactionsView.swift in Sources */ = {isa = PBXBuildFile; fileRef = C31AC3F72697909F00939447 /* TransactionsView.swift */; };
		C31AC3FE2697DC5500939447 /* KeychainAccess in Frameworks */ = {isa = PBXBuildFile; productRef = C31AC3FD2697DC5500939447 /* KeychainAccess */; };
		C31AC3FF26984A2600939447 /* WalletPersistence.swift in Sources */ = {isa = PBXBuildFile; fileRef = C31AC3F3269701CB00939447 /* WalletPersistence.swift */; };
		C39B4E6326984C2D003386BE /* Arweave in Frameworks */ = {isa = PBXBuildFile; productRef = C39B4E6226984C2D003386BE /* Arweave */; };
		C39B4E6526984C40003386BE /* KeychainAccess in Frameworks */ = {isa = PBXBuildFile; productRef = C39B4E6426984C40003386BE /* KeychainAccess */; };
		C3B766A32696B20D002C4F31 /* Arweave in Frameworks */ = {isa = PBXBuildFile; productRef = C3B766A22696B20D002C4F31 /* Arweave */; };
		C3B766AB2696B38B002C4F31 /* ArchiveViewController.swift in Sources */ = {isa = PBXBuildFile; fileRef = C3B766AA2696B38B002C4F31 /* ArchiveViewController.swift */; };
		C3B766AE2696B38B002C4F31 /* MainInterface.storyboard in Resources */ = {isa = PBXBuildFile; fileRef = C3B766AC2696B38B002C4F31 /* MainInterface.storyboard */; };
		C3B766B22696B38B002C4F31 /* Share.appex in Embed App Extensions */ = {isa = PBXBuildFile; fileRef = C3B766A82696B38B002C4F31 /* Share.appex */; settings = {ATTRIBUTES = (RemoveHeadersOnCopy, ); }; };
		C3EC1AAD268A80E60084851F /* DemoApp.swift in Sources */ = {isa = PBXBuildFile; fileRef = C3EC1AAC268A80E60084851F /* DemoApp.swift */; };
		C3EC1AAF268A80E60084851F /* WalletsView.swift in Sources */ = {isa = PBXBuildFile; fileRef = C3EC1AAE268A80E60084851F /* WalletsView.swift */; };
		C3EC1AB1268A80E80084851F /* Assets.xcassets in Resources */ = {isa = PBXBuildFile; fileRef = C3EC1AB0268A80E80084851F /* Assets.xcassets */; };
		C3EC1AB4268A80E80084851F /* Preview Assets.xcassets in Resources */ = {isa = PBXBuildFile; fileRef = C3EC1AB3268A80E80084851F /* Preview Assets.xcassets */; };
		C3EC1ABD268A82FD0084851F /* MainView.swift in Sources */ = {isa = PBXBuildFile; fileRef = C3EC1ABC268A82FD0084851F /* MainView.swift */; };
/* End PBXBuildFile section */

/* Begin PBXContainerItemProxy section */
		C3B766B02696B38B002C4F31 /* PBXContainerItemProxy */ = {
			isa = PBXContainerItemProxy;
			containerPortal = C3EC1AA1268A80E60084851F /* Project object */;
			proxyType = 1;
			remoteGlobalIDString = C3B766A72696B38B002C4F31;
			remoteInfo = Share;
		};
/* End PBXContainerItemProxy section */

/* Begin PBXCopyFilesBuildPhase section */
		C3B766B62696B38B002C4F31 /* Embed App Extensions */ = {
			isa = PBXCopyFilesBuildPhase;
			buildActionMask = 2147483647;
			dstPath = "";
			dstSubfolderSpec = 13;
			files = (
				C3B766B22696B38B002C4F31 /* Share.appex in Embed App Extensions */,
			);
			name = "Embed App Extensions";
			runOnlyForDeploymentPostprocessing = 0;
		};
/* End PBXCopyFilesBuildPhase section */

/* Begin PBXFileReference section */
		C308535D269426CE00DF4963 /* DocumentPicker.swift */ = {isa = PBXFileReference; lastKnownFileType = sourcecode.swift; path = DocumentPicker.swift; sourceTree = "<group>"; };
		C31AC3F3269701CB00939447 /* WalletPersistence.swift */ = {isa = PBXFileReference; lastKnownFileType = sourcecode.swift; path = WalletPersistence.swift; sourceTree = "<group>"; };
		C31AC3F72697909F00939447 /* TransactionsView.swift */ = {isa = PBXFileReference; fileEncoding = 4; lastKnownFileType = sourcecode.swift; path = TransactionsView.swift; sourceTree = "<group>"; };
		C31AC3F92697B2A700939447 /* Demo.entitlements */ = {isa = PBXFileReference; lastKnownFileType = text.plist.entitlements; path = Demo.entitlements; sourceTree = "<group>"; };
		C31AC3FB2697C81600939447 /* Info.plist */ = {isa = PBXFileReference; lastKnownFileType = text.plist; path = Info.plist; sourceTree = "<group>"; };
		C3B766A82696B38B002C4F31 /* Share.appex */ = {isa = PBXFileReference; explicitFileType = "wrapper.app-extension"; includeInIndex = 0; path = Share.appex; sourceTree = BUILT_PRODUCTS_DIR; };
		C3B766AA2696B38B002C4F31 /* ArchiveViewController.swift */ = {isa = PBXFileReference; lastKnownFileType = sourcecode.swift; path = ArchiveViewController.swift; sourceTree = "<group>"; };
		C3B766AD2696B38B002C4F31 /* Base */ = {isa = PBXFileReference; lastKnownFileType = file.storyboard; name = Base; path = Base.lproj/MainInterface.storyboard; sourceTree = "<group>"; };
		C3B766AF2696B38B002C4F31 /* Info.plist */ = {isa = PBXFileReference; lastKnownFileType = text.plist.xml; path = Info.plist; sourceTree = "<group>"; };
		C3EC1AA9268A80E60084851F /* Demo.app */ = {isa = PBXFileReference; explicitFileType = wrapper.application; includeInIndex = 0; path = Demo.app; sourceTree = BUILT_PRODUCTS_DIR; };
		C3EC1AAC268A80E60084851F /* DemoApp.swift */ = {isa = PBXFileReference; lastKnownFileType = sourcecode.swift; path = DemoApp.swift; sourceTree = "<group>"; };
		C3EC1AAE268A80E60084851F /* WalletsView.swift */ = {isa = PBXFileReference; lastKnownFileType = sourcecode.swift; path = WalletsView.swift; sourceTree = "<group>"; };
		C3EC1AB0268A80E80084851F /* Assets.xcassets */ = {isa = PBXFileReference; lastKnownFileType = folder.assetcatalog; path = Assets.xcassets; sourceTree = "<group>"; };
		C3EC1AB3268A80E80084851F /* Preview Assets.xcassets */ = {isa = PBXFileReference; lastKnownFileType = folder.assetcatalog; path = "Preview Assets.xcassets"; sourceTree = "<group>"; };
		C3EC1ABB268A81020084851F /* arweave-swift */ = {isa = PBXFileReference; lastKnownFileType = folder; name = "arweave-swift"; path = ..; sourceTree = "<group>"; };
		C3EC1ABC268A82FD0084851F /* MainView.swift */ = {isa = PBXFileReference; lastKnownFileType = sourcecode.swift; path = MainView.swift; sourceTree = "<group>"; };
/* End PBXFileReference section */

/* Begin PBXFrameworksBuildPhase section */
		C3B766A52696B38B002C4F31 /* Frameworks */ = {
			isa = PBXFrameworksBuildPhase;
			buildActionMask = 2147483647;
			files = (
				C39B4E6526984C40003386BE /* KeychainAccess in Frameworks */,
				C39B4E6326984C2D003386BE /* Arweave in Frameworks */,
			);
			runOnlyForDeploymentPostprocessing = 0;
		};
		C3EC1AA6268A80E60084851F /* Frameworks */ = {
			isa = PBXFrameworksBuildPhase;
			buildActionMask = 2147483647;
			files = (
				C31AC3FE2697DC5500939447 /* KeychainAccess in Frameworks */,
				C3B766A32696B20D002C4F31 /* Arweave in Frameworks */,
			);
			runOnlyForDeploymentPostprocessing = 0;
		};
/* End PBXFrameworksBuildPhase section */

/* Begin PBXGroup section */
		C3B766A12696B20D002C4F31 /* Frameworks */ = {
			isa = PBXGroup;
			children = (
			);
			name = Frameworks;
			sourceTree = "<group>";
		};
		C3B766A92696B38B002C4F31 /* Share */ = {
			isa = PBXGroup;
			children = (
				C3B766AA2696B38B002C4F31 /* ArchiveViewController.swift */,
				C3B766AC2696B38B002C4F31 /* MainInterface.storyboard */,
				C3B766AF2696B38B002C4F31 /* Info.plist */,
			);
			path = Share;
			sourceTree = "<group>";
		};
		C3EC1AA0268A80E60084851F = {
			isa = PBXGroup;
			children = (
				C3EC1ABA268A81020084851F /* Packages */,
				C3EC1AAB268A80E60084851F /* Demo */,
				C3B766A92696B38B002C4F31 /* Share */,
				C3EC1AAA268A80E60084851F /* Products */,
				C3B766A12696B20D002C4F31 /* Frameworks */,
			);
			sourceTree = "<group>";
		};
		C3EC1AAA268A80E60084851F /* Products */ = {
			isa = PBXGroup;
			children = (
				C3EC1AA9268A80E60084851F /* Demo.app */,
				C3B766A82696B38B002C4F31 /* Share.appex */,
			);
			name = Products;
			sourceTree = "<group>";
		};
		C3EC1AAB268A80E60084851F /* Demo */ = {
			isa = PBXGroup;
			children = (
				C31AC3FB2697C81600939447 /* Info.plist */,
				C31AC3F92697B2A700939447 /* Demo.entitlements */,
				C3EC1AAC268A80E60084851F /* DemoApp.swift */,
				C3EC1ABC268A82FD0084851F /* MainView.swift */,
				C3EC1AAE268A80E60084851F /* WalletsView.swift */,
				C31AC3F72697909F00939447 /* TransactionsView.swift */,
				C308535D269426CE00DF4963 /* DocumentPicker.swift */,
				C31AC3F3269701CB00939447 /* WalletPersistence.swift */,
				C3EC1AB0268A80E80084851F /* Assets.xcassets */,
				C3EC1AB2268A80E80084851F /* Preview Content */,
			);
			path = Demo;
			sourceTree = "<group>";
		};
		C3EC1AB2268A80E80084851F /* Preview Content */ = {
			isa = PBXGroup;
			children = (
				C3EC1AB3268A80E80084851F /* Preview Assets.xcassets */,
			);
			path = "Preview Content";
			sourceTree = "<group>";
		};
		C3EC1ABA268A81020084851F /* Packages */ = {
			isa = PBXGroup;
			children = (
				C3EC1ABB268A81020084851F /* arweave-swift */,
			);
			name = Packages;
			sourceTree = "<group>";
		};
/* End PBXGroup section */

/* Begin PBXNativeTarget section */
		C3B766A72696B38B002C4F31 /* Share */ = {
			isa = PBXNativeTarget;
			buildConfigurationList = C3B766B32696B38B002C4F31 /* Build configuration list for PBXNativeTarget "Share" */;
			buildPhases = (
				C3B766A42696B38B002C4F31 /* Sources */,
				C3B766A52696B38B002C4F31 /* Frameworks */,
				C3B766A62696B38B002C4F31 /* Resources */,
			);
			buildRules = (
			);
			dependencies = (
			);
			name = Share;
			packageProductDependencies = (
				C39B4E6226984C2D003386BE /* Arweave */,
				C39B4E6426984C40003386BE /* KeychainAccess */,
			);
			productName = Share;
			productReference = C3B766A82696B38B002C4F31 /* Share.appex */;
			productType = "com.apple.product-type.app-extension";
		};
		C3EC1AA8268A80E60084851F /* Demo */ = {
			isa = PBXNativeTarget;
			buildConfigurationList = C3EC1AB7268A80E80084851F /* Build configuration list for PBXNativeTarget "Demo" */;
			buildPhases = (
				C3EC1AA5268A80E60084851F /* Sources */,
				C3EC1AA6268A80E60084851F /* Frameworks */,
				C3EC1AA7268A80E60084851F /* Resources */,
				C3B766B62696B38B002C4F31 /* Embed App Extensions */,
			);
			buildRules = (
			);
			dependencies = (
				C3B766B12696B38B002C4F31 /* PBXTargetDependency */,
			);
			name = Demo;
			packageProductDependencies = (
				C3B766A22696B20D002C4F31 /* Arweave */,
				C31AC3FD2697DC5500939447 /* KeychainAccess */,
			);
			productName = Demo;
			productReference = C3EC1AA9268A80E60084851F /* Demo.app */;
			productType = "com.apple.product-type.application";
		};
/* End PBXNativeTarget section */

/* Begin PBXProject section */
		C3EC1AA1268A80E60084851F /* Project object */ = {
			isa = PBXProject;
			attributes = {
				BuildIndependentTargetsInParallel = 1;
				LastSwiftUpdateCheck = 1300;
				LastUpgradeCheck = 1300;
				TargetAttributes = {
					C3B766A72696B38B002C4F31 = {
						CreatedOnToolsVersion = 13.0;
					};
					C3EC1AA8268A80E60084851F = {
						CreatedOnToolsVersion = 13.0;
					};
				};
			};
			buildConfigurationList = C3EC1AA4268A80E60084851F /* Build configuration list for PBXProject "Demo" */;
			compatibilityVersion = "Xcode 13.0";
			developmentRegion = en;
			hasScannedForEncodings = 0;
			knownRegions = (
				en,
				Base,
			);
			mainGroup = C3EC1AA0268A80E60084851F;
			packageReferences = (
				C31AC3FC2697DC5500939447 /* XCRemoteSwiftPackageReference "KeychainAccess" */,
			);
			productRefGroup = C3EC1AAA268A80E60084851F /* Products */;
			projectDirPath = "";
			projectRoot = "";
			targets = (
				C3EC1AA8268A80E60084851F /* Demo */,
				C3B766A72696B38B002C4F31 /* Share */,
			);
		};
/* End PBXProject section */

/* Begin PBXResourcesBuildPhase section */
		C3B766A62696B38B002C4F31 /* Resources */ = {
			isa = PBXResourcesBuildPhase;
			buildActionMask = 2147483647;
			files = (
				C3B766AE2696B38B002C4F31 /* MainInterface.storyboard in Resources */,
			);
			runOnlyForDeploymentPostprocessing = 0;
		};
		C3EC1AA7268A80E60084851F /* Resources */ = {
			isa = PBXResourcesBuildPhase;
			buildActionMask = 2147483647;
			files = (
				C3EC1AB4268A80E80084851F /* Preview Assets.xcassets in Resources */,
				C3EC1AB1268A80E80084851F /* Assets.xcassets in Resources */,
			);
			runOnlyForDeploymentPostprocessing = 0;
		};
/* End PBXResourcesBuildPhase section */

/* Begin PBXSourcesBuildPhase section */
		C3B766A42696B38B002C4F31 /* Sources */ = {
			isa = PBXSourcesBuildPhase;
			buildActionMask = 2147483647;
			files = (
				C31AC3FF26984A2600939447 /* WalletPersistence.swift in Sources */,
				C3B766AB2696B38B002C4F31 /* ArchiveViewController.swift in Sources */,
			);
			runOnlyForDeploymentPostprocessing = 0;
		};
		C3EC1AA5268A80E60084851F /* Sources */ = {
			isa = PBXSourcesBuildPhase;
			buildActionMask = 2147483647;
			files = (
				C3EC1AAF268A80E60084851F /* WalletsView.swift in Sources */,
				C308535E269426CE00DF4963 /* DocumentPicker.swift in Sources */,
				C3EC1ABD268A82FD0084851F /* MainView.swift in Sources */,
				C3EC1AAD268A80E60084851F /* DemoApp.swift in Sources */,
				C31AC3F82697909F00939447 /* TransactionsView.swift in Sources */,
				C31AC3F4269701CB00939447 /* WalletPersistence.swift in Sources */,
			);
			runOnlyForDeploymentPostprocessing = 0;
		};
/* End PBXSourcesBuildPhase section */

/* Begin PBXTargetDependency section */
		C3B766B12696B38B002C4F31 /* PBXTargetDependency */ = {
			isa = PBXTargetDependency;
			target = C3B766A72696B38B002C4F31 /* Share */;
			targetProxy = C3B766B02696B38B002C4F31 /* PBXContainerItemProxy */;
		};
/* End PBXTargetDependency section */

/* Begin PBXVariantGroup section */
		C3B766AC2696B38B002C4F31 /* MainInterface.storyboard */ = {
			isa = PBXVariantGroup;
			children = (
				C3B766AD2696B38B002C4F31 /* Base */,
			);
			name = MainInterface.storyboard;
			sourceTree = "<group>";
		};
/* End PBXVariantGroup section */

/* Begin XCBuildConfiguration section */
		C3B766B42696B38B002C4F31 /* Debug */ = {
			isa = XCBuildConfiguration;
			buildSettings = {
				CODE_SIGN_STYLE = Automatic;
				CURRENT_PROJECT_VERSION = 1;
				DEVELOPMENT_TEAM = 79X9YF69H4;
				GENERATE_INFOPLIST_FILE = YES;
				INFOPLIST_FILE = Share/Info.plist;
				INFOPLIST_KEY_CFBundleDisplayName = Share;
				INFOPLIST_KEY_NSHumanReadableCopyright = "";
				LD_RUNPATH_SEARCH_PATHS = (
					"$(inherited)",
					"@executable_path/Frameworks",
					"@executable_path/../../Frameworks",
				);
				MARKETING_VERSION = 1.0;
				PRODUCT_BUNDLE_IDENTIFIER = com.reikam.Demo.Share;
				PRODUCT_NAME = "$(TARGET_NAME)";
				SKIP_INSTALL = YES;
				SWIFT_EMIT_LOC_STRINGS = YES;
				SWIFT_VERSION = 5.0;
				TARGETED_DEVICE_FAMILY = "1,2";
			};
			name = Debug;
		};
		C3B766B52696B38B002C4F31 /* Release */ = {
			isa = XCBuildConfiguration;
			buildSettings = {
				CODE_SIGN_STYLE = Automatic;
				CURRENT_PROJECT_VERSION = 1;
				DEVELOPMENT_TEAM = 79X9YF69H4;
				GENERATE_INFOPLIST_FILE = YES;
				INFOPLIST_FILE = Share/Info.plist;
				INFOPLIST_KEY_CFBundleDisplayName = Share;
				INFOPLIST_KEY_NSHumanReadableCopyright = "";
				LD_RUNPATH_SEARCH_PATHS = (
					"$(inherited)",
					"@executable_path/Frameworks",
					"@executable_path/../../Frameworks",
				);
				MARKETING_VERSION = 1.0;
				PRODUCT_BUNDLE_IDENTIFIER = com.reikam.Demo.Share;
				PRODUCT_NAME = "$(TARGET_NAME)";
				SKIP_INSTALL = YES;
				SWIFT_EMIT_LOC_STRINGS = YES;
				SWIFT_VERSION = 5.0;
				TARGETED_DEVICE_FAMILY = "1,2";
			};
			name = Release;
		};
		C3EC1AB5268A80E80084851F /* Debug */ = {
			isa = XCBuildConfiguration;
			buildSettings = {
				ALWAYS_SEARCH_USER_PATHS = NO;
				CLANG_ANALYZER_NONNULL = YES;
				CLANG_ANALYZER_NUMBER_OBJECT_CONVERSION = YES_AGGRESSIVE;
				CLANG_CXX_LANGUAGE_STANDARD = "gnu++14";
				CLANG_CXX_LIBRARY = "libc++";
				CLANG_ENABLE_MODULES = YES;
				CLANG_ENABLE_OBJC_ARC = YES;
				CLANG_ENABLE_OBJC_WEAK = YES;
				CLANG_WARN_BLOCK_CAPTURE_AUTORELEASING = YES;
				CLANG_WARN_BOOL_CONVERSION = YES;
				CLANG_WARN_COMMA = YES;
				CLANG_WARN_CONSTANT_CONVERSION = YES;
				CLANG_WARN_DEPRECATED_OBJC_IMPLEMENTATIONS = YES;
				CLANG_WARN_DIRECT_OBJC_ISA_USAGE = YES_ERROR;
				CLANG_WARN_DOCUMENTATION_COMMENTS = YES;
				CLANG_WARN_EMPTY_BODY = YES;
				CLANG_WARN_ENUM_CONVERSION = YES;
				CLANG_WARN_INFINITE_RECURSION = YES;
				CLANG_WARN_INT_CONVERSION = YES;
				CLANG_WARN_NON_LITERAL_NULL_CONVERSION = YES;
				CLANG_WARN_OBJC_IMPLICIT_RETAIN_SELF = YES;
				CLANG_WARN_OBJC_LITERAL_CONVERSION = YES;
				CLANG_WARN_OBJC_ROOT_CLASS = YES_ERROR;
				CLANG_WARN_QUOTED_INCLUDE_IN_FRAMEWORK_HEADER = YES;
				CLANG_WARN_RANGE_LOOP_ANALYSIS = YES;
				CLANG_WARN_STRICT_PROTOTYPES = YES;
				CLANG_WARN_SUSPICIOUS_MOVE = YES;
				CLANG_WARN_UNGUARDED_AVAILABILITY = YES_AGGRESSIVE;
				CLANG_WARN_UNREACHABLE_CODE = YES;
				CLANG_WARN__DUPLICATE_METHOD_MATCH = YES;
				COPY_PHASE_STRIP = NO;
				DEBUG_INFORMATION_FORMAT = dwarf;
				ENABLE_STRICT_OBJC_MSGSEND = YES;
				ENABLE_TESTABILITY = YES;
				GCC_C_LANGUAGE_STANDARD = gnu11;
				GCC_DYNAMIC_NO_PIC = NO;
				GCC_NO_COMMON_BLOCKS = YES;
				GCC_OPTIMIZATION_LEVEL = 0;
				GCC_PREPROCESSOR_DEFINITIONS = (
					"DEBUG=1",
					"$(inherited)",
				);
				GCC_WARN_64_TO_32_BIT_CONVERSION = YES;
				GCC_WARN_ABOUT_RETURN_TYPE = YES_ERROR;
				GCC_WARN_UNDECLARED_SELECTOR = YES;
				GCC_WARN_UNINITIALIZED_AUTOS = YES_AGGRESSIVE;
				GCC_WARN_UNUSED_FUNCTION = YES;
				GCC_WARN_UNUSED_VARIABLE = YES;
				IPHONEOS_DEPLOYMENT_TARGET = 15.0;
				MTL_ENABLE_DEBUG_INFO = INCLUDE_SOURCE;
				MTL_FAST_MATH = YES;
				ONLY_ACTIVE_ARCH = YES;
				SDKROOT = iphoneos;
				SWIFT_ACTIVE_COMPILATION_CONDITIONS = DEBUG;
				SWIFT_OPTIMIZATION_LEVEL = "-Onone";
			};
			name = Debug;
		};
		C3EC1AB6268A80E80084851F /* Release */ = {
			isa = XCBuildConfiguration;
			buildSettings = {
				ALWAYS_SEARCH_USER_PATHS = NO;
				CLANG_ANALYZER_NONNULL = YES;
				CLANG_ANALYZER_NUMBER_OBJECT_CONVERSION = YES_AGGRESSIVE;
				CLANG_CXX_LANGUAGE_STANDARD = "gnu++14";
				CLANG_CXX_LIBRARY = "libc++";
				CLANG_ENABLE_MODULES = YES;
				CLANG_ENABLE_OBJC_ARC = YES;
				CLANG_ENABLE_OBJC_WEAK = YES;
				CLANG_WARN_BLOCK_CAPTURE_AUTORELEASING = YES;
				CLANG_WARN_BOOL_CONVERSION = YES;
				CLANG_WARN_COMMA = YES;
				CLANG_WARN_CONSTANT_CONVERSION = YES;
				CLANG_WARN_DEPRECATED_OBJC_IMPLEMENTATIONS = YES;
				CLANG_WARN_DIRECT_OBJC_ISA_USAGE = YES_ERROR;
				CLANG_WARN_DOCUMENTATION_COMMENTS = YES;
				CLANG_WARN_EMPTY_BODY = YES;
				CLANG_WARN_ENUM_CONVERSION = YES;
				CLANG_WARN_INFINITE_RECURSION = YES;
				CLANG_WARN_INT_CONVERSION = YES;
				CLANG_WARN_NON_LITERAL_NULL_CONVERSION = YES;
				CLANG_WARN_OBJC_IMPLICIT_RETAIN_SELF = YES;
				CLANG_WARN_OBJC_LITERAL_CONVERSION = YES;
				CLANG_WARN_OBJC_ROOT_CLASS = YES_ERROR;
				CLANG_WARN_QUOTED_INCLUDE_IN_FRAMEWORK_HEADER = YES;
				CLANG_WARN_RANGE_LOOP_ANALYSIS = YES;
				CLANG_WARN_STRICT_PROTOTYPES = YES;
				CLANG_WARN_SUSPICIOUS_MOVE = YES;
				CLANG_WARN_UNGUARDED_AVAILABILITY = YES_AGGRESSIVE;
				CLANG_WARN_UNREACHABLE_CODE = YES;
				CLANG_WARN__DUPLICATE_METHOD_MATCH = YES;
				COPY_PHASE_STRIP = NO;
				DEBUG_INFORMATION_FORMAT = "dwarf-with-dsym";
				ENABLE_NS_ASSERTIONS = NO;
				ENABLE_STRICT_OBJC_MSGSEND = YES;
				GCC_C_LANGUAGE_STANDARD = gnu11;
				GCC_NO_COMMON_BLOCKS = YES;
				GCC_WARN_64_TO_32_BIT_CONVERSION = YES;
				GCC_WARN_ABOUT_RETURN_TYPE = YES_ERROR;
				GCC_WARN_UNDECLARED_SELECTOR = YES;
				GCC_WARN_UNINITIALIZED_AUTOS = YES_AGGRESSIVE;
				GCC_WARN_UNUSED_FUNCTION = YES;
				GCC_WARN_UNUSED_VARIABLE = YES;
				IPHONEOS_DEPLOYMENT_TARGET = 15.0;
				MTL_ENABLE_DEBUG_INFO = NO;
				MTL_FAST_MATH = YES;
				SDKROOT = iphoneos;
				SWIFT_COMPILATION_MODE = wholemodule;
				SWIFT_OPTIMIZATION_LEVEL = "-O";
				VALIDATE_PRODUCT = YES;
			};
			name = Release;
		};
		C3EC1AB8268A80E80084851F /* Debug */ = {
			isa = XCBuildConfiguration;
			buildSettings = {
				ALWAYS_EMBED_SWIFT_STANDARD_LIBRARIES = YES;
				ASSETCATALOG_COMPILER_APPICON_NAME = AppIcon;
				ASSETCATALOG_COMPILER_GLOBAL_ACCENT_COLOR_NAME = AccentColor;
				CODE_SIGN_ENTITLEMENTS = Demo/Demo.entitlements;
				CODE_SIGN_STYLE = Automatic;
				CURRENT_PROJECT_VERSION = 1;
				DEVELOPMENT_ASSET_PATHS = "\"Demo/Preview Content\"";
				DEVELOPMENT_TEAM = 79X9YF69H4;
				ENABLE_PREVIEWS = YES;
				GENERATE_INFOPLIST_FILE = YES;
				INFOPLIST_FILE = Demo/Info.plist;
				INFOPLIST_KEY_CFBundleDisplayName = Arweave;
				INFOPLIST_KEY_CFBundleExecutable = Demo;
				INFOPLIST_KEY_CFBundleName = Demo;
				INFOPLIST_KEY_CFBundleVersion = 1;
				INFOPLIST_KEY_UIApplicationSceneManifest_Generation = YES;
				INFOPLIST_KEY_UIApplicationSupportsIndirectInputEvents = YES;
				INFOPLIST_KEY_UILaunchScreen_Generation = YES;
				INFOPLIST_KEY_UISupportedInterfaceOrientations_iPad = "UIInterfaceOrientationPortrait UIInterfaceOrientationPortraitUpsideDown UIInterfaceOrientationLandscapeLeft UIInterfaceOrientationLandscapeRight";
				INFOPLIST_KEY_UISupportedInterfaceOrientations_iPhone = "UIInterfaceOrientationPortrait UIInterfaceOrientationLandscapeLeft UIInterfaceOrientationLandscapeRight";
				IPHONEOS_DEPLOYMENT_TARGET = 15.0;
				LD_RUNPATH_SEARCH_PATHS = (
					"$(inherited)",
					"@executable_path/Frameworks",
				);
				MARKETING_VERSION = 1.1;
				PRODUCT_BUNDLE_IDENTIFIER = com.reikam.Demo;
				PRODUCT_NAME = "$(TARGET_NAME)";
				SWIFT_EMIT_LOC_STRINGS = YES;
				SWIFT_VERSION = 5.0;
				TARGETED_DEVICE_FAMILY = "1,2";
			};
			name = Debug;
		};
		C3EC1AB9268A80E80084851F /* Release */ = {
			isa = XCBuildConfiguration;
			buildSettings = {
				ALWAYS_EMBED_SWIFT_STANDARD_LIBRARIES = YES;
				ASSETCATALOG_COMPILER_APPICON_NAME = AppIcon;
				ASSETCATALOG_COMPILER_GLOBAL_ACCENT_COLOR_NAME = AccentColor;
				CODE_SIGN_ENTITLEMENTS = Demo/Demo.entitlements;
				CODE_SIGN_STYLE = Automatic;
				CURRENT_PROJECT_VERSION = 1;
				DEVELOPMENT_ASSET_PATHS = "\"Demo/Preview Content\"";
				DEVELOPMENT_TEAM = 79X9YF69H4;
				ENABLE_PREVIEWS = YES;
				GENERATE_INFOPLIST_FILE = YES;
				INFOPLIST_FILE = Demo/Info.plist;
				INFOPLIST_KEY_CFBundleDisplayName = Arweave;
				INFOPLIST_KEY_CFBundleExecutable = Demo;
				INFOPLIST_KEY_CFBundleName = Demo;
				INFOPLIST_KEY_CFBundleVersion = 1;
				INFOPLIST_KEY_UIApplicationSceneManifest_Generation = YES;
				INFOPLIST_KEY_UIApplicationSupportsIndirectInputEvents = YES;
				INFOPLIST_KEY_UILaunchScreen_Generation = YES;
				INFOPLIST_KEY_UISupportedInterfaceOrientations_iPad = "UIInterfaceOrientationPortrait UIInterfaceOrientationPortraitUpsideDown UIInterfaceOrientationLandscapeLeft UIInterfaceOrientationLandscapeRight";
				INFOPLIST_KEY_UISupportedInterfaceOrientations_iPhone = "UIInterfaceOrientationPortrait UIInterfaceOrientationLandscapeLeft UIInterfaceOrientationLandscapeRight";
				IPHONEOS_DEPLOYMENT_TARGET = 15.0;
				LD_RUNPATH_SEARCH_PATHS = (
					"$(inherited)",
					"@executable_path/Frameworks",
				);
				MARKETING_VERSION = 1.1;
				PRODUCT_BUNDLE_IDENTIFIER = com.reikam.Demo;
				PRODUCT_NAME = "$(TARGET_NAME)";
				SWIFT_EMIT_LOC_STRINGS = YES;
				SWIFT_VERSION = 5.0;
				TARGETED_DEVICE_FAMILY = "1,2";
			};
			name = Release;
		};
/* End XCBuildConfiguration section */

/* Begin XCConfigurationList section */
		C3B766B32696B38B002C4F31 /* Build configuration list for PBXNativeTarget "Share" */ = {
			isa = XCConfigurationList;
			buildConfigurations = (
				C3B766B42696B38B002C4F31 /* Debug */,
				C3B766B52696B38B002C4F31 /* Release */,
			);
			defaultConfigurationIsVisible = 0;
			defaultConfigurationName = Release;
		};
		C3EC1AA4268A80E60084851F /* Build configuration list for PBXProject "Demo" */ = {
			isa = XCConfigurationList;
			buildConfigurations = (
				C3EC1AB5268A80E80084851F /* Debug */,
				C3EC1AB6268A80E80084851F /* Release */,
			);
			defaultConfigurationIsVisible = 0;
			defaultConfigurationName = Release;
		};
		C3EC1AB7268A80E80084851F /* Build configuration list for PBXNativeTarget "Demo" */ = {
			isa = XCConfigurationList;
			buildConfigurations = (
				C3EC1AB8268A80E80084851F /* Debug */,
				C3EC1AB9268A80E80084851F /* Release */,
			);
			defaultConfigurationIsVisible = 0;
			defaultConfigurationName = Release;
		};
/* End XCConfigurationList section */

/* Begin XCRemoteSwiftPackageReference section */
		C31AC3FC2697DC5500939447 /* XCRemoteSwiftPackageReference "KeychainAccess" */ = {
			isa = XCRemoteSwiftPackageReference;
			repositoryURL = "https://github.com/kishikawakatsumi/KeychainAccess";
			requirement = {
				kind = upToNextMajorVersion;
				minimumVersion = 4.0.0;
			};
		};
/* End XCRemoteSwiftPackageReference section */

/* Begin XCSwiftPackageProductDependency section */
		C31AC3FD2697DC5500939447 /* KeychainAccess */ = {
			isa = XCSwiftPackageProductDependency;
			package = C31AC3FC2697DC5500939447 /* XCRemoteSwiftPackageReference "KeychainAccess" */;
			productName = KeychainAccess;
		};
		C39B4E6226984C2D003386BE /* Arweave */ = {
			isa = XCSwiftPackageProductDependency;
			productName = Arweave;
		};
		C39B4E6426984C40003386BE /* KeychainAccess */ = {
			isa = XCSwiftPackageProductDependency;
			package = C31AC3FC2697DC5500939447 /* XCRemoteSwiftPackageReference "KeychainAccess" */;
			productName = KeychainAccess;
		};
		C3B766A22696B20D002C4F31 /* Arweave */ = {
			isa = XCSwiftPackageProductDependency;
			productName = Arweave;
		};
/* End XCSwiftPackageProductDependency section */
	};
	rootObject = C3EC1AA1268A80E60084851F /* Project object */;
}
