{
  "object": {
    "pins": [
      {
        "package": "JOSESwift",
        "repositoryURL": "https://github.com/lukereichold/JOSESwift.git",
        "state": {
          "branch": null,
          "revision": "864d6a014a4aa343dd47f3804f12b8a42a7b21eb",
          "version": "2.2.4"
        }
      },
      {
        "package": "KeychainAccess",
        "repositoryURL": "https://github.com/kishikawakatsumi/KeychainAccess",
        "state": {
          "branch": null,
          "revision": "3d0ea2c0806791abcc5d7f0d9f62f1cfd4a7264d",
          "version": "4.2.0"
        }
      }
    ]
  },
  "version": 1
}
